Microsoft Visual Studio Solution File, Format Version 11.00
# Visual Studio 2008

Project("{B482C81A-1855-9D74-1D11-661C9199D278}") = "GettyGameJam2016", "Assembly-CSharp.csproj", "{2302468F-894D-2952-56E4-51768F24DC0F}"
EndProject
Project("{B482C81A-1855-9D74-1D11-661C9199D278}") = "GettyGameJam2016", "Assembly-CSharp-Editor.csproj", "{3E7FF4C4-50AC-498B-5A32-8E61CD3173F6}"
EndProject
Global
	GlobalSection(SolutionConfigurationPlatforms) = preSolution
		Debug|Any CPU = Debug|Any CPU
		Release|Any CPU = Release|Any CPU
	EndGlobalSection
	GlobalSection(ProjectConfigurationPlatforms) = postSolution
		{2302468F-894D-2952-56E4-51768F24DC0F}.Debug|Any CPU.ActiveCfg = Debug|Any CPU
		{2302468F-894D-2952-56E4-51768F24DC0F}.Debug|Any CPU.Build.0 = Debug|Any CPU
		{2302468F-894D-2952-56E4-51768F24DC0F}.Release|Any CPU.ActiveCfg = Release|Any CPU
		{2302468F-894D-2952-56E4-51768F24DC0F}.Release|Any CPU.Build.0 = Release|Any CPU
		{3E7FF4C4-50AC-498B-5A32-8E61CD3173F6}.Debug|Any CPU.ActiveCfg = Debug|Any CPU
		{3E7FF4C4-50AC-498B-5A32-8E61CD3173F6}.Debug|Any CPU.Build.0 = Debug|Any CPU
		{3E7FF4C4-50AC-498B-5A32-8E61CD3173F6}.Release|Any CPU.ActiveCfg = Release|Any CPU
		{3E7FF4C4-50AC-498B-5A32-8E61CD3173F6}.Release|Any CPU.Build.0 = Release|Any CPU
	EndGlobalSection
	GlobalSection(SolutionProperties) = preSolution
		HideSolutionNode = FALSE
	EndGlobalSection
	GlobalSection(MonoDevelopProperties) = preSolution
		StartupItem = Assembly-CSharp.csproj
	EndGlobalSection
EndGlobal
